
Microsoft Visual Studio Solution File, Format Version 11.00
# Visual Studio 2010
Project("{D2ABAB84-BF74-430A-B69E-9DC6D40DDA17}") = "NBAlProjectSSDT", "NBAlProjectSSDT\NBAlProjectSSDT.dwproj", "{6F21E54D-BE2D-4C55-9C67-9CBC7BAC2A69}"
EndProject
Global
	GlobalSection(SolutionConfigurationPlatforms) = preSolution
		Development|Default = Development|Default
	EndGlobalSection
	GlobalSection(ProjectConfigurationPlatforms) = postSolution
		{6F21E54D-BE2D-4C55-9C67-9CBC7BAC2A69}.Development|Default.ActiveCfg = Development
		{6F21E54D-BE2D-4C55-9C67-9CBC7BAC2A69}.Development|Default.Build.0 = Development
		{6F21E54D-BE2D-4C55-9C67-9CBC7BAC2A69}.Development|Default.Deploy.0 = Development
	EndGlobalSection
	GlobalSection(SolutionProperties) = preSolution
		HideSolutionNode = FALSE
	EndGlobalSection
EndGlobal
